
Microsoft Visual Studio Solution File, Format Version 12.00
# Visual Studio 15
VisualStudioVersion = 15.0.28307.438
MinimumVisualStudioVersion = 10.0.40219.1
Project("{FAE04EC0-301F-11D3-BF4B-00C04F79EFBC}") = "TestProject", "TestProject\TestProject.csproj", "{B20534CF-483F-416F-88E1-95F33AB2EB92}"
EndProject
Global
	GlobalSection(SolutionConfigurationPlatforms) = preSolution
		Debug|Any CPU = Debug|Any CPU
		Release|Any CPU = Release|Any CPU
	EndGlobalSection
	GlobalSection(ProjectConfigurationPlatforms) = postSolution
		{B20534CF-483F-416F-88E1-95F33AB2EB92}.Debug|Any CPU.ActiveCfg = Debug|Any CPU
		{B20534CF-483F-416F-88E1-95F33AB2EB92}.Debug|Any CPU.Build.0 = Debug|Any CPU
		{B20534CF-483F-416F-88E1-95F33AB2EB92}.Release|Any CPU.ActiveCfg = Release|Any CPU
		{B20534CF-483F-416F-88E1-95F33AB2EB92}.Release|Any CPU.Build.0 = Release|Any CPU
	EndGlobalSection
	GlobalSection(SolutionProperties) = preSolution
		HideSolutionNode = FALSE
	EndGlobalSection
	GlobalSection(ExtensibilityGlobals) = postSolution
		SolutionGuid = {7290B5C8-9B1C-430E-9234-86965EBF68BF}
	EndGlobalSection
EndGlobal
